{
  "originHash" : "534c8e7bd344be6e4d0c706a1e00fb2d964346e231c059d5f7da3258e700d950",
  "pins" : [
    {
      "identity" : "cloudinary_ios",
      "kind" : "remoteSourceControl",
      "location" : "https://github.com/cloudinary/cloudinary_ios.git",
      "state" : {
        "revision" : "5e709fb159fa2ffa82d8dd6e29b24656920c114b",
        "version" : "5.2.4"
      }
    },
    {
      "identity" : "keychainaccess",
      "kind" : "remoteSourceControl",
      "location" : "https://github.com/kishikawakatsumi/KeychainAccess.git",
      "state" : {
        "branch" : "master",
        "revision" : "e0c7eebc5a4465a3c4680764f26b7a61f567cdaf"
      }
    },
    {
      "identity" : "kingfisher",
      "kind" : "remoteSourceControl",
      "location" : "https://github.com/onevcat/Kingfisher.git",
      "state" : {
        "revision" : "d30a5fad881137e2267f96a8e3fc35c58999bb94",
        "version" : "8.6.2"
      }
    }
  ],
  "version" : 3
}
